// !$*UTF8*$!
{
	archiveVersion = 1;
	classes = {
	};
	objectVersion = 55;
	objects = {

/* Begin PBXBuildFile section */
		BD812A532891B2E30079DBFE /* AppDelegate.swift in Sources */ = {isa = PBXBuildFile; fileRef = BD812A522891B2E30079DBFE /* AppDelegate.swift */; };
		BD812A552891B2E30079DBFE /* SceneDelegate.swift in Sources */ = {isa = PBXBuildFile; fileRef = BD812A542891B2E30079DBFE /* SceneDelegate.swift */; };
		BD812A572891B2E30079DBFE /* ViewController.swift in Sources */ = {isa = PBXBuildFile; fileRef = BD812A562891B2E30079DBFE /* ViewController.swift */; };
		BD812A5A2891B2E30079DBFE /* Main.storyboard in Resources */ = {isa = PBXBuildFile; fileRef = BD812A582891B2E30079DBFE /* Main.storyboard */; };
		BD812A5C2891B2E30079DBFE /* Assets.xcassets in Resources */ = {isa = PBXBuildFile; fileRef = BD812A5B2891B2E30079DBFE /* Assets.xcassets */; };
		BD812A5F2891B2E30079DBFE /* LaunchScreen.storyboard in Resources */ = {isa = PBXBuildFile; fileRef = BD812A5D2891B2E30079DBFE /* LaunchScreen.storyboard */; };
		BD812A6A2891B2E30079DBFE /* New_practiceTests.swift in Sources */ = {isa = PBXBuildFile; fileRef = BD812A692891B2E30079DBFE /* New_practiceTests.swift */; };
		BD812A742891B2E30079DBFE /* New_practiceUITests.swift in Sources */ = {isa = PBXBuildFile; fileRef = BD812A732891B2E30079DBFE /* New_practiceUITests.swift */; };
		BD812A762891B2E30079DBFE /* New_practiceUITestsLaunchTests.swift in Sources */ = {isa = PBXBuildFile; fileRef = BD812A752891B2E30079DBFE /* New_practiceUITestsLaunchTests.swift */; };
/* End PBXBuildFile section */

/* Begin PBXContainerItemProxy section */
		BD812A662891B2E30079DBFE /* PBXContainerItemProxy */ = {
			isa = PBXContainerItemProxy;
			containerPortal = BD812A472891B2E30079DBFE /* Project object */;
			proxyType = 1;
			remoteGlobalIDString = BD812A4E2891B2E30079DBFE;
			remoteInfo = "New practice";
		};
		BD812A702891B2E30079DBFE /* PBXContainerItemProxy */ = {
			isa = PBXContainerItemProxy;
			containerPortal = BD812A472891B2E30079DBFE /* Project object */;
			proxyType = 1;
			remoteGlobalIDString = BD812A4E2891B2E30079DBFE;
			remoteInfo = "New practice";
		};
/* End PBXContainerItemProxy section */

/* Begin PBXFileReference section */
		BD812A4F2891B2E30079DBFE /* New practice.app */ = {isa = PBXFileReference; explicitFileType = wrapper.application; includeInIndex = 0; path = "New practice.app"; sourceTree = BUILT_PRODUCTS_DIR; };
		BD812A522891B2E30079DBFE /* AppDelegate.swift */ = {isa = PBXFileReference; lastKnownFileType = sourcecode.swift; path = AppDelegate.swift; sourceTree = "<group>"; };
		BD812A542891B2E30079DBFE /* SceneDelegate.swift */ = {isa = PBXFileReference; lastKnownFileType = sourcecode.swift; path = SceneDelegate.swift; sourceTree = "<group>"; };
		BD812A562891B2E30079DBFE /* ViewController.swift */ = {isa = PBXFileReference; lastKnownFileType = sourcecode.swift; path = ViewController.swift; sourceTree = "<group>"; };
		BD812A592891B2E30079DBFE /* Base */ = {isa = PBXFileReference; lastKnownFileType = file.storyboard; name = Base; path = Base.lproj/Main.storyboard; sourceTree = "<group>"; };
		BD812A5B2891B2E30079DBFE /* Assets.xcassets */ = {isa = PBXFileReference; lastKnownFileType = folder.assetcatalog; path = Assets.xcassets; sourceTree = "<group>"; };
		BD812A5E2891B2E30079DBFE /* Base */ = {isa = PBXFileReference; lastKnownFileType = file.storyboard; name = Base; path = Base.lproj/LaunchScreen.storyboard; sourceTree = "<group>"; };
		BD812A602891B2E30079DBFE /* Info.plist */ = {isa = PBXFileReference; lastKnownFileType = text.plist.xml; path = Info.plist; sourceTree = "<group>"; };
		BD812A652891B2E30079DBFE /* New practiceTests.xctest */ = {isa = PBXFileReference; explicitFileType = wrapper.cfbundle; includeInIndex = 0; path = "New practiceTests.xctest"; sourceTree = BUILT_PRODUCTS_DIR; };
		BD812A692891B2E30079DBFE /* New_practiceTests.swift */ = {isa = PBXFileReference; lastKnownFileType = sourcecode.swift; path = New_practiceTests.swift; sourceTree = "<group>"; };
		BD812A6F2891B2E30079DBFE /* New practiceUITests.xctest */ = {isa = PBXFileReference; explicitFileType = wrapper.cfbundle; includeInIndex = 0; path = "New practiceUITests.xctest"; sourceTree = BUILT_PRODUCTS_DIR; };
		BD812A732891B2E30079DBFE /* New_practiceUITests.swift */ = {isa = PBXFileReference; lastKnownFileType = sourcecode.swift; path = New_practiceUITests.swift; sourceTree = "<group>"; };
		BD812A752891B2E30079DBFE /* New_practiceUITestsLaunchTests.swift */ = {isa = PBXFileReference; lastKnownFileType = sourcecode.swift; path = New_practiceUITestsLaunchTests.swift; sourceTree = "<group>"; };
/* End PBXFileReference section */

/* Begin PBXFrameworksBuildPhase section */
		BD812A4C2891B2E30079DBFE /* Frameworks */ = {
			isa = PBXFrameworksBuildPhase;
			buildActionMask = 2147483647;
			files = (
			);
			runOnlyForDeploymentPostprocessing = 0;
		};
		BD812A622891B2E30079DBFE /* Frameworks */ = {
			isa = PBXFrameworksBuildPhase;
			buildActionMask = 2147483647;
			files = (
			);
			runOnlyForDeploymentPostprocessing = 0;
		};
		BD812A6C2891B2E30079DBFE /* Frameworks */ = {
			isa = PBXFrameworksBuildPhase;
			buildActionMask = 2147483647;
			files = (
			);
			runOnlyForDeploymentPostprocessing = 0;
		};
/* End PBXFrameworksBuildPhase section */

/* Begin PBXGroup section */
		BD812A462891B2E30079DBFE = {
			isa = PBXGroup;
			children = (
				BD812A512891B2E30079DBFE /* New practice */,
				BD812A682891B2E30079DBFE /* New practiceTests */,
				BD812A722891B2E30079DBFE /* New practiceUITests */,
				BD812A502891B2E30079DBFE /* Products */,
			);
			sourceTree = "<group>";
		};
		BD812A502891B2E30079DBFE /* Products */ = {
			isa = PBXGroup;
			children = (
				BD812A4F2891B2E30079DBFE /* New practice.app */,
				BD812A652891B2E30079DBFE /* New practiceTests.xctest */,
				BD812A6F2891B2E30079DBFE /* New practiceUITests.xctest */,
			);
			name = Products;
			sourceTree = "<group>";
		};
		BD812A512891B2E30079DBFE /* New practice */ = {
			isa = PBXGroup;
			children = (
				BD812A522891B2E30079DBFE /* AppDelegate.swift */,
				BD812A542891B2E30079DBFE /* SceneDelegate.swift */,
				BD812A562891B2E30079DBFE /* ViewController.swift */,
				BD812A582891B2E30079DBFE /* Main.storyboard */,
				BD812A5B2891B2E30079DBFE /* Assets.xcassets */,
				BD812A5D2891B2E30079DBFE /* LaunchScreen.storyboard */,
				BD812A602891B2E30079DBFE /* Info.plist */,
			);
			path = "New practice";
			sourceTree = "<group>";
		};
		BD812A682891B2E30079DBFE /* New practiceTests */ = {
			isa = PBXGroup;
			children = (
				BD812A692891B2E30079DBFE /* New_practiceTests.swift */,
			);
			path = "New practiceTests";
			sourceTree = "<group>";
		};
		BD812A722891B2E30079DBFE /* New practiceUITests */ = {
			isa = PBXGroup;
			children = (
				BD812A732891B2E30079DBFE /* New_practiceUITests.swift */,
				BD812A752891B2E30079DBFE /* New_practiceUITestsLaunchTests.swift */,
			);
			path = "New practiceUITests";
			sourceTree = "<group>";
		};
/* End PBXGroup section */

/* Begin PBXNativeTarget section */
		BD812A4E2891B2E30079DBFE /* New practice */ = {
			isa = PBXNativeTarget;
			buildConfigurationList = BD812A792891B2E30079DBFE /* Build configuration list for PBXNativeTarget "New practice" */;
			buildPhases = (
				BD812A4B2891B2E30079DBFE /* Sources */,
				BD812A4C2891B2E30079DBFE /* Frameworks */,
				BD812A4D2891B2E30079DBFE /* Resources */,
			);
			buildRules = (
			);
			dependencies = (
			);
			name = "New practice";
			productName = "New practice";
			productReference = BD812A4F2891B2E30079DBFE /* New practice.app */;
			productType = "com.apple.product-type.application";
		};
		BD812A642891B2E30079DBFE /* New practiceTests */ = {
			isa = PBXNativeTarget;
			buildConfigurationList = BD812A7C2891B2E30079DBFE /* Build configuration list for PBXNativeTarget "New practiceTests" */;
			buildPhases = (
				BD812A612891B2E30079DBFE /* Sources */,
				BD812A622891B2E30079DBFE /* Frameworks */,
				BD812A632891B2E30079DBFE /* Resources */,
			);
			buildRules = (
			);
			dependencies = (
				BD812A672891B2E30079DBFE /* PBXTargetDependency */,
			);
			name = "New practiceTests";
			productName = "New practiceTests";
			productReference = BD812A652891B2E30079DBFE /* New practiceTests.xctest */;
			productType = "com.apple.product-type.bundle.unit-test";
		};
		BD812A6E2891B2E30079DBFE /* New practiceUITests */ = {
			isa = PBXNativeTarget;
			buildConfigurationList = BD812A7F2891B2E30079DBFE /* Build configuration list for PBXNativeTarget "New practiceUITests" */;
			buildPhases = (
				BD812A6B2891B2E30079DBFE /* Sources */,
				BD812A6C2891B2E30079DBFE /* Frameworks */,
				BD812A6D2891B2E30079DBFE /* Resources */,
			);
			buildRules = (
			);
			dependencies = (
				BD812A712891B2E30079DBFE /* PBXTargetDependency */,
			);
			name = "New practiceUITests";
			productName = "New practiceUITests";
			productReference = BD812A6F2891B2E30079DBFE /* New practiceUITests.xctest */;
			productType = "com.apple.product-type.bundle.ui-testing";
		};
/* End PBXNativeTarget section */

/* Begin PBXProject section */
		BD812A472891B2E30079DBFE /* Project object */ = {
			isa = PBXProject;
			attributes = {
				BuildIndependentTargetsInParallel = 1;
				LastSwiftUpdateCheck = 1340;
				LastUpgradeCheck = 1340;
				TargetAttributes = {
					BD812A4E2891B2E30079DBFE = {
						CreatedOnToolsVersion = 13.4.1;
					};
					BD812A642891B2E30079DBFE = {
						CreatedOnToolsVersion = 13.4.1;
						TestTargetID = BD812A4E2891B2E30079DBFE;
					};
					BD812A6E2891B2E30079DBFE = {
						CreatedOnToolsVersion = 13.4.1;
						TestTargetID = BD812A4E2891B2E30079DBFE;
					};
				};
			};
			buildConfigurationList = BD812A4A2891B2E30079DBFE /* Build configuration list for PBXProject "New practice" */;
			compatibilityVersion = "Xcode 13.0";
			developmentRegion = en;
			hasScannedForEncodings = 0;
			knownRegions = (
				en,
				Base,
			);
			mainGroup = BD812A462891B2E30079DBFE;
			productRefGroup = BD812A502891B2E30079DBFE /* Products */;
			projectDirPath = "";
			projectRoot = "";
			targets = (
				BD812A4E2891B2E30079DBFE /* New practice */,
				BD812A642891B2E30079DBFE /* New practiceTests */,
				BD812A6E2891B2E30079DBFE /* New practiceUITests */,
			);
		};
/* End PBXProject section */

/* Begin PBXResourcesBuildPhase section */
		BD812A4D2891B2E30079DBFE /* Resources */ = {
			isa = PBXResourcesBuildPhase;
			buildActionMask = 2147483647;
			files = (
				BD812A5F2891B2E30079DBFE /* LaunchScreen.storyboard in Resources */,
				BD812A5C2891B2E30079DBFE /* Assets.xcassets in Resources */,
				BD812A5A2891B2E30079DBFE /* Main.storyboard in Resources */,
			);
			runOnlyForDeploymentPostprocessing = 0;
		};
		BD812A632891B2E30079DBFE /* Resources */ = {
			isa = PBXResourcesBuildPhase;
			buildActionMask = 2147483647;
			files = (
			);
			runOnlyForDeploymentPostprocessing = 0;
		};
		BD812A6D2891B2E30079DBFE /* Resources */ = {
			isa = PBXResourcesBuildPhase;
			buildActionMask = 2147483647;
			files = (
			);
			runOnlyForDeploymentPostprocessing = 0;
		};
/* End PBXResourcesBuildPhase section */

/* Begin PBXSourcesBuildPhase section */
		BD812A4B2891B2E30079DBFE /* Sources */ = {
			isa = PBXSourcesBuildPhase;
			buildActionMask = 2147483647;
			files = (
				BD812A572891B2E30079DBFE /* ViewController.swift in Sources */,
				BD812A532891B2E30079DBFE /* AppDelegate.swift in Sources */,
				BD812A552891B2E30079DBFE /* SceneDelegate.swift in Sources */,
			);
			runOnlyForDeploymentPostprocessing = 0;
		};
		BD812A612891B2E30079DBFE /* Sources */ = {
			isa = PBXSourcesBuildPhase;
			buildActionMask = 2147483647;
			files = (
				BD812A6A2891B2E30079DBFE /* New_practiceTests.swift in Sources */,
			);
			runOnlyForDeploymentPostprocessing = 0;
		};
		BD812A6B2891B2E30079DBFE /* Sources */ = {
			isa = PBXSourcesBuildPhase;
			buildActionMask = 2147483647;
			files = (
				BD812A762891B2E30079DBFE /* New_practiceUITestsLaunchTests.swift in Sources */,
				BD812A742891B2E30079DBFE /* New_practiceUITests.swift in Sources */,
			);
			runOnlyForDeploymentPostprocessing = 0;
		};
/* End PBXSourcesBuildPhase section */

/* Begin PBXTargetDependency section */
		BD812A672891B2E30079DBFE /* PBXTargetDependency */ = {
			isa = PBXTargetDependency;
			target = BD812A4E2891B2E30079DBFE /* New practice */;
			targetProxy = BD812A662891B2E30079DBFE /* PBXContainerItemProxy */;
		};
		BD812A712891B2E30079DBFE /* PBXTargetDependency */ = {
			isa = PBXTargetDependency;
			target = BD812A4E2891B2E30079DBFE /* New practice */;
			targetProxy = BD812A702891B2E30079DBFE /* PBXContainerItemProxy */;
		};
/* End PBXTargetDependency section */

/* Begin PBXVariantGroup section */
		BD812A582891B2E30079DBFE /* Main.storyboard */ = {
			isa = PBXVariantGroup;
			children = (
				BD812A592891B2E30079DBFE /* Base */,
			);
			name = Main.storyboard;
			sourceTree = "<group>";
		};
		BD812A5D2891B2E30079DBFE /* LaunchScreen.storyboard */ = {
			isa = PBXVariantGroup;
			children = (
				BD812A5E2891B2E30079DBFE /* Base */,
			);
			name = LaunchScreen.storyboard;
			sourceTree = "<group>";
		};
/* End PBXVariantGroup section */

/* Begin XCBuildConfiguration section */
		BD812A772891B2E30079DBFE /* Debug */ = {
			isa = XCBuildConfiguration;
			buildSettings = {
				ALWAYS_SEARCH_USER_PATHS = NO;
				CLANG_ANALYZER_NONNULL = YES;
				CLANG_ANALYZER_NUMBER_OBJECT_CONVERSION = YES_AGGRESSIVE;
				CLANG_CXX_LANGUAGE_STANDARD = "gnu++17";
				CLANG_ENABLE_MODULES = YES;
				CLANG_ENABLE_OBJC_ARC = YES;
				CLANG_ENABLE_OBJC_WEAK = YES;
				CLANG_WARN_BLOCK_CAPTURE_AUTORELEASING = YES;
				CLANG_WARN_BOOL_CONVERSION = YES;
				CLANG_WARN_COMMA = YES;
				CLANG_WARN_CONSTANT_CONVERSION = YES;
				CLANG_WARN_DEPRECATED_OBJC_IMPLEMENTATIONS = YES;
				CLANG_WARN_DIRECT_OBJC_ISA_USAGE = YES_ERROR;
				CLANG_WARN_DOCUMENTATION_COMMENTS = YES;
				CLANG_WARN_EMPTY_BODY = YES;
				CLANG_WARN_ENUM_CONVERSION = YES;
				CLANG_WARN_INFINITE_RECURSION = YES;
				CLANG_WARN_INT_CONVERSION = YES;
				CLANG_WARN_NON_LITERAL_NULL_CONVERSION = YES;
				CLANG_WARN_OBJC_IMPLICIT_RETAIN_SELF = YES;
				CLANG_WARN_OBJC_LITERAL_CONVERSION = YES;
				CLANG_WARN_OBJC_ROOT_CLASS = YES_ERROR;
				CLANG_WARN_QUOTED_INCLUDE_IN_FRAMEWORK_HEADER = YES;
				CLANG_WARN_RANGE_LOOP_ANALYSIS = YES;
				CLANG_WARN_STRICT_PROTOTYPES = YES;
				CLANG_WARN_SUSPICIOUS_MOVE = YES;
				CLANG_WARN_UNGUARDED_AVAILABILITY = YES_AGGRESSIVE;
				CLANG_WARN_UNREACHABLE_CODE = YES;
				CLANG_WARN__DUPLICATE_METHOD_MATCH = YES;
				COPY_PHASE_STRIP = NO;
				DEBUG_INFORMATION_FORMAT = dwarf;
				ENABLE_STRICT_OBJC_MSGSEND = YES;
				ENABLE_TESTABILITY = YES;
				GCC_C_LANGUAGE_STANDARD = gnu11;
				GCC_DYNAMIC_NO_PIC = NO;
				GCC_NO_COMMON_BLOCKS = YES;
				GCC_OPTIMIZATION_LEVEL = 0;
				GCC_PREPROCESSOR_DEFINITIONS = (
					"DEBUG=1",
					"$(inherited)",
				);
				GCC_WARN_64_TO_32_BIT_CONVERSION = YES;
				GCC_WARN_ABOUT_RETURN_TYPE = YES_ERROR;
				GCC_WARN_UNDECLARED_SELECTOR = YES;
				GCC_WARN_UNINITIALIZED_AUTOS = YES_AGGRESSIVE;
				GCC_WARN_UNUSED_FUNCTION = YES;
				GCC_WARN_UNUSED_VARIABLE = YES;
				IPHONEOS_DEPLOYMENT_TARGET = 15.5;
				MTL_ENABLE_DEBUG_INFO = INCLUDE_SOURCE;
				MTL_FAST_MATH = YES;
				ONLY_ACTIVE_ARCH = YES;
				SDKROOT = iphoneos;
				SWIFT_ACTIVE_COMPILATION_CONDITIONS = DEBUG;
				SWIFT_OPTIMIZATION_LEVEL = "-Onone";
			};
			name = Debug;
		};
		BD812A782891B2E30079DBFE /* Release */ = {
			isa = XCBuildConfiguration;
			buildSettings = {
				ALWAYS_SEARCH_USER_PATHS = NO;
				CLANG_ANALYZER_NONNULL = YES;
				CLANG_ANALYZER_NUMBER_OBJECT_CONVERSION = YES_AGGRESSIVE;
				CLANG_CXX_LANGUAGE_STANDARD = "gnu++17";
				CLANG_ENABLE_MODULES = YES;
				CLANG_ENABLE_OBJC_ARC = YES;
				CLANG_ENABLE_OBJC_WEAK = YES;
				CLANG_WARN_BLOCK_CAPTURE_AUTORELEASING = YES;
				CLANG_WARN_BOOL_CONVERSION = YES;
				CLANG_WARN_COMMA = YES;
				CLANG_WARN_CONSTANT_CONVERSION = YES;
				CLANG_WARN_DEPRECATED_OBJC_IMPLEMENTATIONS = YES;
				CLANG_WARN_DIRECT_OBJC_ISA_USAGE = YES_ERROR;
				CLANG_WARN_DOCUMENTATION_COMMENTS = YES;
				CLANG_WARN_EMPTY_BODY = YES;
				CLANG_WARN_ENUM_CONVERSION = YES;
				CLANG_WARN_INFINITE_RECURSION = YES;
				CLANG_WARN_INT_CONVERSION = YES;
				CLANG_WARN_NON_LITERAL_NULL_CONVERSION = YES;
				CLANG_WARN_OBJC_IMPLICIT_RETAIN_SELF = YES;
				CLANG_WARN_OBJC_LITERAL_CONVERSION = YES;
				CLANG_WARN_OBJC_ROOT_CLASS = YES_ERROR;
				CLANG_WARN_QUOTED_INCLUDE_IN_FRAMEWORK_HEADER = YES;
				CLANG_WARN_RANGE_LOOP_ANALYSIS = YES;
				CLANG_WARN_STRICT_PROTOTYPES = YES;
				CLANG_WARN_SUSPICIOUS_MOVE = YES;
				CLANG_WARN_UNGUARDED_AVAILABILITY = YES_AGGRESSIVE;
				CLANG_WARN_UNREACHABLE_CODE = YES;
				CLANG_WARN__DUPLICATE_METHOD_MATCH = YES;
				COPY_PHASE_STRIP = NO;
				DEBUG_INFORMATION_FORMAT = "dwarf-with-dsym";
				ENABLE_NS_ASSERTIONS = NO;
				ENABLE_STRICT_OBJC_MSGSEND = YES;
				GCC_C_LANGUAGE_STANDARD = gnu11;
				GCC_NO_COMMON_BLOCKS = YES;
				GCC_WARN_64_TO_32_BIT_CONVERSION = YES;
				GCC_WARN_ABOUT_RETURN_TYPE = YES_ERROR;
				GCC_WARN_UNDECLARED_SELECTOR = YES;
				GCC_WARN_UNINITIALIZED_AUTOS = YES_AGGRESSIVE;
				GCC_WARN_UNUSED_FUNCTION = YES;
				GCC_WARN_UNUSED_VARIABLE = YES;
				IPHONEOS_DEPLOYMENT_TARGET = 15.5;
				MTL_ENABLE_DEBUG_INFO = NO;
				MTL_FAST_MATH = YES;
				SDKROOT = iphoneos;
				SWIFT_COMPILATION_MODE = wholemodule;
				SWIFT_OPTIMIZATION_LEVEL = "-O";
				VALIDATE_PRODUCT = YES;
			};
			name = Release;
		};
		BD812A7A2891B2E30079DBFE /* Debug */ = {
			isa = XCBuildConfiguration;
			buildSettings = {
				ASSETCATALOG_COMPILER_APPICON_NAME = AppIcon;
				ASSETCATALOG_COMPILER_GLOBAL_ACCENT_COLOR_NAME = AccentColor;
				CODE_SIGN_STYLE = Automatic;
				CURRENT_PROJECT_VERSION = 1;
				GENERATE_INFOPLIST_FILE = YES;
				INFOPLIST_FILE = "New practice/Info.plist";
				INFOPLIST_KEY_UIApplicationSupportsIndirectInputEvents = YES;
				INFOPLIST_KEY_UILaunchStoryboardName = LaunchScreen;
				INFOPLIST_KEY_UIMainStoryboardFile = Main;
				INFOPLIST_KEY_UISupportedInterfaceOrientations_iPad = "UIInterfaceOrientationPortrait UIInterfaceOrientationPortraitUpsideDown UIInterfaceOrientationLandscapeLeft UIInterfaceOrientationLandscapeRight";
				INFOPLIST_KEY_UISupportedInterfaceOrientations_iPhone = "UIInterfaceOrientationPortrait UIInterfaceOrientationLandscapeLeft UIInterfaceOrientationLandscapeRight";
				LD_RUNPATH_SEARCH_PATHS = (
					"$(inherited)",
					"@executable_path/Frameworks",
				);
				MARKETING_VERSION = 1.0;
				PRODUCT_BUNDLE_IDENTIFIER = "kwk.New-practice";
				PRODUCT_NAME = "$(TARGET_NAME)";
				SWIFT_EMIT_LOC_STRINGS = YES;
				SWIFT_VERSION = 5.0;
				TARGETED_DEVICE_FAMILY = "1,2";
			};
			name = Debug;
		};
		BD812A7B2891B2E30079DBFE /* Release */ = {
			isa = XCBuildConfiguration;
			buildSettings = {
				ASSETCATALOG_COMPILER_APPICON_NAME = AppIcon;
				ASSETCATALOG_COMPILER_GLOBAL_ACCENT_COLOR_NAME = AccentColor;
				CODE_SIGN_STYLE = Automatic;
				CURRENT_PROJECT_VERSION = 1;
				GENERATE_INFOPLIST_FILE = YES;
				INFOPLIST_FILE = "New practice/Info.plist";
				INFOPLIST_KEY_UIApplicationSupportsIndirectInputEvents = YES;
				INFOPLIST_KEY_UILaunchStoryboardName = LaunchScreen;
				INFOPLIST_KEY_UIMainStoryboardFile = Main;
				INFOPLIST_KEY_UISupportedInterfaceOrientations_iPad = "UIInterfaceOrientationPortrait UIInterfaceOrientationPortraitUpsideDown UIInterfaceOrientationLandscapeLeft UIInterfaceOrientationLandscapeRight";
				INFOPLIST_KEY_UISupportedInterfaceOrientations_iPhone = "UIInterfaceOrientationPortrait UIInterfaceOrientationLandscapeLeft UIInterfaceOrientationLandscapeRight";
				LD_RUNPATH_SEARCH_PATHS = (
					"$(inherited)",
					"@executable_path/Frameworks",
				);
				MARKETING_VERSION = 1.0;
				PRODUCT_BUNDLE_IDENTIFIER = "kwk.New-practice";
				PRODUCT_NAME = "$(TARGET_NAME)";
				SWIFT_EMIT_LOC_STRINGS = YES;
				SWIFT_VERSION = 5.0;
				TARGETED_DEVICE_FAMILY = "1,2";
			};
			name = Release;
		};
		BD812A7D2891B2E30079DBFE /* Debug */ = {
			isa = XCBuildConfiguration;
			buildSettings = {
				ALWAYS_EMBED_SWIFT_STANDARD_LIBRARIES = YES;
				BUNDLE_LOADER = "$(TEST_HOST)";
				CODE_SIGN_STYLE = Automatic;
				CURRENT_PROJECT_VERSION = 1;
				GENERATE_INFOPLIST_FILE = YES;
				IPHONEOS_DEPLOYMENT_TARGET = 15.5;
				MARKETING_VERSION = 1.0;
				PRODUCT_BUNDLE_IDENTIFIER = "kwk.New-practiceTests";
				PRODUCT_NAME = "$(TARGET_NAME)";
				SWIFT_EMIT_LOC_STRINGS = NO;
				SWIFT_VERSION = 5.0;
				TARGETED_DEVICE_FAMILY = "1,2";
				TEST_HOST = "$(BUILT_PRODUCTS_DIR)/New practice.app/New practice";
			};
			name = Debug;
		};
		BD812A7E2891B2E30079DBFE /* Release */ = {
			isa = XCBuildConfiguration;
			buildSettings = {
				ALWAYS_EMBED_SWIFT_STANDARD_LIBRARIES = YES;
				BUNDLE_LOADER = "$(TEST_HOST)";
				CODE_SIGN_STYLE = Automatic;
				CURRENT_PROJECT_VERSION = 1;
				GENERATE_INFOPLIST_FILE = YES;
				IPHONEOS_DEPLOYMENT_TARGET = 15.5;
				MARKETING_VERSION = 1.0;
				PRODUCT_BUNDLE_IDENTIFIER = "kwk.New-practiceTests";
				PRODUCT_NAME = "$(TARGET_NAME)";
				SWIFT_EMIT_LOC_STRINGS = NO;
				SWIFT_VERSION = 5.0;
				TARGETED_DEVICE_FAMILY = "1,2";
				TEST_HOST = "$(BUILT_PRODUCTS_DIR)/New practice.app/New practice";
			};
			name = Release;
		};
		BD812A802891B2E30079DBFE /* Debug */ = {
			isa = XCBuildConfiguration;
			buildSettings = {
				ALWAYS_EMBED_SWIFT_STANDARD_LIBRARIES = YES;
				CODE_SIGN_STYLE = Automatic;
				CURRENT_PROJECT_VERSION = 1;
				GENERATE_INFOPLIST_FILE = YES;
				MARKETING_VERSION = 1.0;
				PRODUCT_BUNDLE_IDENTIFIER = "kwk.New-practiceUITests";
				PRODUCT_NAME = "$(TARGET_NAME)";
				SWIFT_EMIT_LOC_STRINGS = NO;
				SWIFT_VERSION = 5.0;
				TARGETED_DEVICE_FAMILY = "1,2";
				TEST_TARGET_NAME = "New practice";
			};
			name = Debug;
		};
		BD812A812891B2E30079DBFE /* Release */ = {
			isa = XCBuildConfiguration;
			buildSettings = {
				ALWAYS_EMBED_SWIFT_STANDARD_LIBRARIES = YES;
				CODE_SIGN_STYLE = Automatic;
				CURRENT_PROJECT_VERSION = 1;
				GENERATE_INFOPLIST_FILE = YES;
				MARKETING_VERSION = 1.0;
				PRODUCT_BUNDLE_IDENTIFIER = "kwk.New-practiceUITests";
				PRODUCT_NAME = "$(TARGET_NAME)";
				SWIFT_EMIT_LOC_STRINGS = NO;
				SWIFT_VERSION = 5.0;
				TARGETED_DEVICE_FAMILY = "1,2";
				TEST_TARGET_NAME = "New practice";
			};
			name = Release;
		};
/* End XCBuildConfiguration section */

/* Begin XCConfigurationList section */
		BD812A4A2891B2E30079DBFE /* Build configuration list for PBXProject "New practice" */ = {
			isa = XCConfigurationList;
			buildConfigurations = (
				BD812A772891B2E30079DBFE /* Debug */,
				BD812A782891B2E30079DBFE /* Release */,
			);
			defaultConfigurationIsVisible = 0;
			defaultConfigurationName = Release;
		};
		BD812A792891B2E30079DBFE /* Build configuration list for PBXNativeTarget "New practice" */ = {
			isa = XCConfigurationList;
			buildConfigurations = (
				BD812A7A2891B2E30079DBFE /* Debug */,
				BD812A7B2891B2E30079DBFE /* Release */,
			);
			defaultConfigurationIsVisible = 0;
			defaultConfigurationName = Release;
		};
		BD812A7C2891B2E30079DBFE /* Build configuration list for PBXNativeTarget "New practiceTests" */ = {
			isa = XCConfigurationList;
			buildConfigurations = (
				BD812A7D2891B2E30079DBFE /* Debug */,
				BD812A7E2891B2E30079DBFE /* Release */,
			);
			defaultConfigurationIsVisible = 0;
			defaultConfigurationName = Release;
		};
		BD812A7F2891B2E30079DBFE /* Build configuration list for PBXNativeTarget "New practiceUITests" */ = {
			isa = XCConfigurationList;
			buildConfigurations = (
				BD812A802891B2E30079DBFE /* Debug */,
				BD812A812891B2E30079DBFE /* Release */,
			);
			defaultConfigurationIsVisible = 0;
			defaultConfigurationName = Release;
		};
/* End XCConfigurationList section */
	};
	rootObject = BD812A472891B2E30079DBFE /* Project object */;
}
